
Microsoft Visual Studio Solution File, Format Version 12.00
# Visual Studio Version 17
VisualStudioVersion = 17.0.31903.59
MinimumVisualStudioVersion = 10.0.40219.1
Project("{FAE04EC0-301F-11D3-BF4B-00C04F79EFBC}") = "API", "API\API.csproj", "{5616EB73-C86A-4F47-9E2D-0A598671E0DF}"
EndProject
Project("{FAE04EC0-301F-11D3-BF4B-00C04F79EFBC}") = "Core", "Core\Core.csproj", "{B78CA925-C13C-48D9-BE50-4FA1D8AC488D}"
EndProject
Project("{FAE04EC0-301F-11D3-BF4B-00C04F79EFBC}") = "Infrastructure", "Infrastructure\Infrastructure.csproj", "{76892902-421C-45FC-A941-91FF9CFDC227}"
EndProject
Global
	GlobalSection(SolutionConfigurationPlatforms) = preSolution
		Debug|Any CPU = Debug|Any CPU
		Release|Any CPU = Release|Any CPU
	EndGlobalSection
	GlobalSection(SolutionProperties) = preSolution
		HideSolutionNode = FALSE
	EndGlobalSection
	GlobalSection(ProjectConfigurationPlatforms) = postSolution
		{5616EB73-C86A-4F47-9E2D-0A598671E0DF}.Debug|Any CPU.ActiveCfg = Debug|Any CPU
		{5616EB73-C86A-4F47-9E2D-0A598671E0DF}.Debug|Any CPU.Build.0 = Debug|Any CPU
		{5616EB73-C86A-4F47-9E2D-0A598671E0DF}.Release|Any CPU.ActiveCfg = Release|Any CPU
		{5616EB73-C86A-4F47-9E2D-0A598671E0DF}.Release|Any CPU.Build.0 = Release|Any CPU
		{B78CA925-C13C-48D9-BE50-4FA1D8AC488D}.Debug|Any CPU.ActiveCfg = Debug|Any CPU
		{B78CA925-C13C-48D9-BE50-4FA1D8AC488D}.Debug|Any CPU.Build.0 = Debug|Any CPU
		{B78CA925-C13C-48D9-BE50-4FA1D8AC488D}.Release|Any CPU.ActiveCfg = Release|Any CPU
		{B78CA925-C13C-48D9-BE50-4FA1D8AC488D}.Release|Any CPU.Build.0 = Release|Any CPU
		{76892902-421C-45FC-A941-91FF9CFDC227}.Debug|Any CPU.ActiveCfg = Debug|Any CPU
		{76892902-421C-45FC-A941-91FF9CFDC227}.Debug|Any CPU.Build.0 = Debug|Any CPU
		{76892902-421C-45FC-A941-91FF9CFDC227}.Release|Any CPU.ActiveCfg = Release|Any CPU
		{76892902-421C-45FC-A941-91FF9CFDC227}.Release|Any CPU.Build.0 = Release|Any CPU
	EndGlobalSection
EndGlobal
